
Microsoft Visual Studio Solution File, Format Version 12.00
# Visual Studio Version 17
VisualStudioVersion = 17.2.32519.379
MinimumVisualStudioVersion = 10.0.40219.1
Project("{9A19103F-16F7-4668-BE54-9A1E7A4F7556}") = "BasicIpCameraSnapshot", "BasicIpCameraSnapshot\BasicIpCameraSnapshot.csproj", "{0EC52F91-04CF-4044-8F6F-36E76E31238D}"
EndProject
Project("{9A19103F-16F7-4668-BE54-9A1E7A4F7556}") = "WeatherUpdate", "WeatherUpdate\WeatherUpdate.csproj", "{E34DC8A9-A9D9-485A-A226-D6456F33FA08}"
EndProject
Project("{9A19103F-16F7-4668-BE54-9A1E7A4F7556}") = "GetDesktop", "GetDesktop\GetDesktop.csproj", "{68CDB745-6A2A-435D-A0B8-35C494E86E7F}"
EndProject
Project("{FAE04EC0-301F-11D3-BF4B-00C04F79EFBC}") = "PTZControl", "PTZControl\PTZControl.csproj", "{FE3A523F-503B-45AE-B756-424608598884}"
EndProject
Global
	GlobalSection(SolutionConfigurationPlatforms) = preSolution
		Debug|Any CPU = Debug|Any CPU
		Release|Any CPU = Release|Any CPU
	EndGlobalSection
	GlobalSection(ProjectConfigurationPlatforms) = postSolution
		{0EC52F91-04CF-4044-8F6F-36E76E31238D}.Debug|Any CPU.ActiveCfg = Debug|Any CPU
		{0EC52F91-04CF-4044-8F6F-36E76E31238D}.Debug|Any CPU.Build.0 = Debug|Any CPU
		{0EC52F91-04CF-4044-8F6F-36E76E31238D}.Release|Any CPU.ActiveCfg = Release|Any CPU
		{0EC52F91-04CF-4044-8F6F-36E76E31238D}.Release|Any CPU.Build.0 = Release|Any CPU
		{E34DC8A9-A9D9-485A-A226-D6456F33FA08}.Debug|Any CPU.ActiveCfg = Debug|Any CPU
		{E34DC8A9-A9D9-485A-A226-D6456F33FA08}.Debug|Any CPU.Build.0 = Debug|Any CPU
		{E34DC8A9-A9D9-485A-A226-D6456F33FA08}.Release|Any CPU.ActiveCfg = Release|Any CPU
		{E34DC8A9-A9D9-485A-A226-D6456F33FA08}.Release|Any CPU.Build.0 = Release|Any CPU
		{68CDB745-6A2A-435D-A0B8-35C494E86E7F}.Debug|Any CPU.ActiveCfg = Debug|Any CPU
		{68CDB745-6A2A-435D-A0B8-35C494E86E7F}.Debug|Any CPU.Build.0 = Debug|Any CPU
		{68CDB745-6A2A-435D-A0B8-35C494E86E7F}.Release|Any CPU.ActiveCfg = Release|Any CPU
		{68CDB745-6A2A-435D-A0B8-35C494E86E7F}.Release|Any CPU.Build.0 = Release|Any CPU
		{FE3A523F-503B-45AE-B756-424608598884}.Debug|Any CPU.ActiveCfg = Debug|Any CPU
		{FE3A523F-503B-45AE-B756-424608598884}.Debug|Any CPU.Build.0 = Debug|Any CPU
		{FE3A523F-503B-45AE-B756-424608598884}.Release|Any CPU.ActiveCfg = Release|Any CPU
		{FE3A523F-503B-45AE-B756-424608598884}.Release|Any CPU.Build.0 = Release|Any CPU
	EndGlobalSection
	GlobalSection(SolutionProperties) = preSolution
		HideSolutionNode = FALSE
	EndGlobalSection
	GlobalSection(ExtensibilityGlobals) = postSolution
		SolutionGuid = {301AA5C4-0FAD-48E0-8D09-3612B040AA55}
	EndGlobalSection
EndGlobal
